// !$*UTF8*$!
{
	archiveVersion = 1;
	classes = {
	};
	objectVersion = 50;
	objects = {

/* Begin PBXBuildFile section */
		525015B723B19C9A004A46A6 /* Receita.swift in Sources */ = {isa = PBXBuildFile; fileRef = 525015B623B19C9A004A46A6 /* Receita.swift */; };
		527AA88E23B0B71E0038070E /* AppDelegate.swift in Sources */ = {isa = PBXBuildFile; fileRef = 527AA88D23B0B71E0038070E /* AppDelegate.swift */; };
		527AA89023B0B71E0038070E /* SceneDelegate.swift in Sources */ = {isa = PBXBuildFile; fileRef = 527AA88F23B0B71E0038070E /* SceneDelegate.swift */; };
		527AA89223B0B71E0038070E /* ViewController.swift in Sources */ = {isa = PBXBuildFile; fileRef = 527AA89123B0B71E0038070E /* ViewController.swift */; };
		527AA89523B0B71E0038070E /* Main.storyboard in Resources */ = {isa = PBXBuildFile; fileRef = 527AA89323B0B71E0038070E /* Main.storyboard */; };
		527AA89723B0B7210038070E /* Assets.xcassets in Resources */ = {isa = PBXBuildFile; fileRef = 527AA89623B0B7210038070E /* Assets.xcassets */; };
		527AA89A23B0B7210038070E /* LaunchScreen.storyboard in Resources */ = {isa = PBXBuildFile; fileRef = 527AA89823B0B7210038070E /* LaunchScreen.storyboard */; };
		527AA8A423B0C5A80038070E /* TableViewController.swift in Sources */ = {isa = PBXBuildFile; fileRef = 527AA8A323B0C5A80038070E /* TableViewController.swift */; };
/* End PBXBuildFile section */

/* Begin PBXFileReference section */
		525015B623B19C9A004A46A6 /* Receita.swift */ = {isa = PBXFileReference; lastKnownFileType = sourcecode.swift; path = Receita.swift; sourceTree = "<group>"; };
		527AA88A23B0B71E0038070E /* ReceitasCulin.app */ = {isa = PBXFileReference; explicitFileType = wrapper.application; includeInIndex = 0; path = ReceitasCulin.app; sourceTree = BUILT_PRODUCTS_DIR; };
		527AA88D23B0B71E0038070E /* AppDelegate.swift */ = {isa = PBXFileReference; lastKnownFileType = sourcecode.swift; path = AppDelegate.swift; sourceTree = "<group>"; };
		527AA88F23B0B71E0038070E /* SceneDelegate.swift */ = {isa = PBXFileReference; lastKnownFileType = sourcecode.swift; path = SceneDelegate.swift; sourceTree = "<group>"; };
		527AA89123B0B71E0038070E /* ViewController.swift */ = {isa = PBXFileReference; lastKnownFileType = sourcecode.swift; path = ViewController.swift; sourceTree = "<group>"; };
		527AA89423B0B71E0038070E /* Base */ = {isa = PBXFileReference; lastKnownFileType = file.storyboard; name = Base; path = Base.lproj/Main.storyboard; sourceTree = "<group>"; };
		527AA89623B0B7210038070E /* Assets.xcassets */ = {isa = PBXFileReference; lastKnownFileType = folder.assetcatalog; path = Assets.xcassets; sourceTree = "<group>"; };
		527AA89923B0B7210038070E /* Base */ = {isa = PBXFileReference; lastKnownFileType = file.storyboard; name = Base; path = Base.lproj/LaunchScreen.storyboard; sourceTree = "<group>"; };
		527AA89B23B0B7210038070E /* Info.plist */ = {isa = PBXFileReference; lastKnownFileType = text.plist.xml; path = Info.plist; sourceTree = "<group>"; };
		527AA8A323B0C5A80038070E /* TableViewController.swift */ = {isa = PBXFileReference; lastKnownFileType = sourcecode.swift; path = TableViewController.swift; sourceTree = "<group>"; };
/* End PBXFileReference section */

/* Begin PBXFrameworksBuildPhase section */
		527AA88723B0B71E0038070E /* Frameworks */ = {
			isa = PBXFrameworksBuildPhase;
			buildActionMask = 2147483647;
			files = (
			);
			runOnlyForDeploymentPostprocessing = 0;
		};
/* End PBXFrameworksBuildPhase section */

/* Begin PBXGroup section */
		527AA88123B0B71E0038070E = {
			isa = PBXGroup;
			children = (
				527AA88C23B0B71E0038070E /* ReceitasCulin */,
				527AA88B23B0B71E0038070E /* Products */,
			);
			sourceTree = "<group>";
		};
		527AA88B23B0B71E0038070E /* Products */ = {
			isa = PBXGroup;
			children = (
				527AA88A23B0B71E0038070E /* ReceitasCulin.app */,
			);
			name = Products;
			sourceTree = "<group>";
		};
		527AA88C23B0B71E0038070E /* ReceitasCulin */ = {
			isa = PBXGroup;
			children = (
				527AA88D23B0B71E0038070E /* AppDelegate.swift */,
				527AA88F23B0B71E0038070E /* SceneDelegate.swift */,
				527AA89123B0B71E0038070E /* ViewController.swift */,
				527AA8A323B0C5A80038070E /* TableViewController.swift */,
				527AA89323B0B71E0038070E /* Main.storyboard */,
				527AA89623B0B7210038070E /* Assets.xcassets */,
				527AA89823B0B7210038070E /* LaunchScreen.storyboard */,
				527AA89B23B0B7210038070E /* Info.plist */,
				525015B623B19C9A004A46A6 /* Receita.swift */,
			);
			path = ReceitasCulin;
			sourceTree = "<group>";
		};
/* End PBXGroup section */

/* Begin PBXNativeTarget section */
		527AA88923B0B71E0038070E /* ReceitasCulin */ = {
			isa = PBXNativeTarget;
			buildConfigurationList = 527AA89E23B0B7210038070E /* Build configuration list for PBXNativeTarget "ReceitasCulin" */;
			buildPhases = (
				527AA88623B0B71E0038070E /* Sources */,
				527AA88723B0B71E0038070E /* Frameworks */,
				527AA88823B0B71E0038070E /* Resources */,
			);
			buildRules = (
			);
			dependencies = (
			);
			name = ReceitasCulin;
			productName = ReceitasCulin;
			productReference = 527AA88A23B0B71E0038070E /* ReceitasCulin.app */;
			productType = "com.apple.product-type.application";
		};
/* End PBXNativeTarget section */

/* Begin PBXProject section */
		527AA88223B0B71E0038070E /* Project object */ = {
			isa = PBXProject;
			attributes = {
				LastSwiftUpdateCheck = 1130;
				LastUpgradeCheck = 1130;
				ORGANIZATIONNAME = Isec;
				TargetAttributes = {
					527AA88923B0B71E0038070E = {
						CreatedOnToolsVersion = 11.3;
					};
				};
			};
			buildConfigurationList = 527AA88523B0B71E0038070E /* Build configuration list for PBXProject "ReceitasCulin" */;
			compatibilityVersion = "Xcode 9.3";
			developmentRegion = en;
			hasScannedForEncodings = 0;
			knownRegions = (
				en,
				Base,
			);
			mainGroup = 527AA88123B0B71E0038070E;
			productRefGroup = 527AA88B23B0B71E0038070E /* Products */;
			projectDirPath = "";
			projectRoot = "";
			targets = (
				527AA88923B0B71E0038070E /* ReceitasCulin */,
			);
		};
/* End PBXProject section */

/* Begin PBXResourcesBuildPhase section */
		527AA88823B0B71E0038070E /* Resources */ = {
			isa = PBXResourcesBuildPhase;
			buildActionMask = 2147483647;
			files = (
				527AA89A23B0B7210038070E /* LaunchScreen.storyboard in Resources */,
				527AA89723B0B7210038070E /* Assets.xcassets in Resources */,
				527AA89523B0B71E0038070E /* Main.storyboard in Resources */,
			);
			runOnlyForDeploymentPostprocessing = 0;
		};
/* End PBXResourcesBuildPhase section */

/* Begin PBXSourcesBuildPhase section */
		527AA88623B0B71E0038070E /* Sources */ = {
			isa = PBXSourcesBuildPhase;
			buildActionMask = 2147483647;
			files = (
				527AA89223B0B71E0038070E /* ViewController.swift in Sources */,
				527AA88E23B0B71E0038070E /* AppDelegate.swift in Sources */,
				527AA89023B0B71E0038070E /* SceneDelegate.swift in Sources */,
				525015B723B19C9A004A46A6 /* Receita.swift in Sources */,
				527AA8A423B0C5A80038070E /* TableViewController.swift in Sources */,
			);
			runOnlyForDeploymentPostprocessing = 0;
		};
/* End PBXSourcesBuildPhase section */

/* Begin PBXVariantGroup section */
		527AA89323B0B71E0038070E /* Main.storyboard */ = {
			isa = PBXVariantGroup;
			children = (
				527AA89423B0B71E0038070E /* Base */,
			);
			name = Main.storyboard;
			sourceTree = "<group>";
		};
		527AA89823B0B7210038070E /* LaunchScreen.storyboard */ = {
			isa = PBXVariantGroup;
			children = (
				527AA89923B0B7210038070E /* Base */,
			);
			name = LaunchScreen.storyboard;
			sourceTree = "<group>";
		};
/* End PBXVariantGroup section */

/* Begin XCBuildConfiguration section */
		527AA89C23B0B7210038070E /* Debug */ = {
			isa = XCBuildConfiguration;
			buildSettings = {
				ALWAYS_SEARCH_USER_PATHS = NO;
				CLANG_ANALYZER_NONNULL = YES;
				CLANG_ANALYZER_NUMBER_OBJECT_CONVERSION = YES_AGGRESSIVE;
				CLANG_CXX_LANGUAGE_STANDARD = "gnu++14";
				CLANG_CXX_LIBRARY = "libc++";
				CLANG_ENABLE_MODULES = YES;
				CLANG_ENABLE_OBJC_ARC = YES;
				CLANG_ENABLE_OBJC_WEAK = YES;
				CLANG_WARN_BLOCK_CAPTURE_AUTORELEASING = YES;
				CLANG_WARN_BOOL_CONVERSION = YES;
				CLANG_WARN_COMMA = YES;
				CLANG_WARN_CONSTANT_CONVERSION = YES;
				CLANG_WARN_DEPRECATED_OBJC_IMPLEMENTATIONS = YES;
				CLANG_WARN_DIRECT_OBJC_ISA_USAGE = YES_ERROR;
				CLANG_WARN_DOCUMENTATION_COMMENTS = YES;
				CLANG_WARN_EMPTY_BODY = YES;
				CLANG_WARN_ENUM_CONVERSION = YES;
				CLANG_WARN_INFINITE_RECURSION = YES;
				CLANG_WARN_INT_CONVERSION = YES;
				CLANG_WARN_NON_LITERAL_NULL_CONVERSION = YES;
				CLANG_WARN_OBJC_IMPLICIT_RETAIN_SELF = YES;
				CLANG_WARN_OBJC_LITERAL_CONVERSION = YES;
				CLANG_WARN_OBJC_ROOT_CLASS = YES_ERROR;
				CLANG_WARN_RANGE_LOOP_ANALYSIS = YES;
				CLANG_WARN_STRICT_PROTOTYPES = YES;
				CLANG_WARN_SUSPICIOUS_MOVE = YES;
				CLANG_WARN_UNGUARDED_AVAILABILITY = YES_AGGRESSIVE;
				CLANG_WARN_UNREACHABLE_CODE = YES;
				CLANG_WARN__DUPLICATE_METHOD_MATCH = YES;
				COPY_PHASE_STRIP = NO;
				DEBUG_INFORMATION_FORMAT = dwarf;
				ENABLE_STRICT_OBJC_MSGSEND = YES;
				ENABLE_TESTABILITY = YES;
				GCC_C_LANGUAGE_STANDARD = gnu11;
				GCC_DYNAMIC_NO_PIC = NO;
				GCC_NO_COMMON_BLOCKS = YES;
				GCC_OPTIMIZATION_LEVEL = 0;
				GCC_PREPROCESSOR_DEFINITIONS = (
					"DEBUG=1",
					"$(inherited)",
				);
				GCC_WARN_64_TO_32_BIT_CONVERSION = YES;
				GCC_WARN_ABOUT_RETURN_TYPE = YES_ERROR;
				GCC_WARN_UNDECLARED_SELECTOR = YES;
				GCC_WARN_UNINITIALIZED_AUTOS = YES_AGGRESSIVE;
				GCC_WARN_UNUSED_FUNCTION = YES;
				GCC_WARN_UNUSED_VARIABLE = YES;
				IPHONEOS_DEPLOYMENT_TARGET = 13.2;
				MTL_ENABLE_DEBUG_INFO = INCLUDE_SOURCE;
				MTL_FAST_MATH = YES;
				ONLY_ACTIVE_ARCH = YES;
				SDKROOT = iphoneos;
				SWIFT_ACTIVE_COMPILATION_CONDITIONS = DEBUG;
				SWIFT_OPTIMIZATION_LEVEL = "-Onone";
			};
			name = Debug;
		};
		527AA89D23B0B7210038070E /* Release */ = {
			isa = XCBuildConfiguration;
			buildSettings = {
				ALWAYS_SEARCH_USER_PATHS = NO;
				CLANG_ANALYZER_NONNULL = YES;
				CLANG_ANALYZER_NUMBER_OBJECT_CONVERSION = YES_AGGRESSIVE;
				CLANG_CXX_LANGUAGE_STANDARD = "gnu++14";
				CLANG_CXX_LIBRARY = "libc++";
				CLANG_ENABLE_MODULES = YES;
				CLANG_ENABLE_OBJC_ARC = YES;
				CLANG_ENABLE_OBJC_WEAK = YES;
				CLANG_WARN_BLOCK_CAPTURE_AUTORELEASING = YES;
				CLANG_WARN_BOOL_CONVERSION = YES;
				CLANG_WARN_COMMA = YES;
				CLANG_WARN_CONSTANT_CONVERSION = YES;
				CLANG_WARN_DEPRECATED_OBJC_IMPLEMENTATIONS = YES;
				CLANG_WARN_DIRECT_OBJC_ISA_USAGE = YES_ERROR;
				CLANG_WARN_DOCUMENTATION_COMMENTS = YES;
				CLANG_WARN_EMPTY_BODY = YES;
				CLANG_WARN_ENUM_CONVERSION = YES;
				CLANG_WARN_INFINITE_RECURSION = YES;
				CLANG_WARN_INT_CONVERSION = YES;
				CLANG_WARN_NON_LITERAL_NULL_CONVERSION = YES;
				CLANG_WARN_OBJC_IMPLICIT_RETAIN_SELF = YES;
				CLANG_WARN_OBJC_LITERAL_CONVERSION = YES;
				CLANG_WARN_OBJC_ROOT_CLASS = YES_ERROR;
				CLANG_WARN_RANGE_LOOP_ANALYSIS = YES;
				CLANG_WARN_STRICT_PROTOTYPES = YES;
				CLANG_WARN_SUSPICIOUS_MOVE = YES;
				CLANG_WARN_UNGUARDED_AVAILABILITY = YES_AGGRESSIVE;
				CLANG_WARN_UNREACHABLE_CODE = YES;
				CLANG_WARN__DUPLICATE_METHOD_MATCH = YES;
				COPY_PHASE_STRIP = NO;
				DEBUG_INFORMATION_FORMAT = "dwarf-with-dsym";
				ENABLE_NS_ASSERTIONS = NO;
				ENABLE_STRICT_OBJC_MSGSEND = YES;
				GCC_C_LANGUAGE_STANDARD = gnu11;
				GCC_NO_COMMON_BLOCKS = YES;
				GCC_WARN_64_TO_32_BIT_CONVERSION = YES;
				GCC_WARN_ABOUT_RETURN_TYPE = YES_ERROR;
				GCC_WARN_UNDECLARED_SELECTOR = YES;
				GCC_WARN_UNINITIALIZED_AUTOS = YES_AGGRESSIVE;
				GCC_WARN_UNUSED_FUNCTION = YES;
				GCC_WARN_UNUSED_VARIABLE = YES;
				IPHONEOS_DEPLOYMENT_TARGET = 13.2;
				MTL_ENABLE_DEBUG_INFO = NO;
				MTL_FAST_MATH = YES;
				SDKROOT = iphoneos;
				SWIFT_COMPILATION_MODE = wholemodule;
				SWIFT_OPTIMIZATION_LEVEL = "-O";
				VALIDATE_PRODUCT = YES;
			};
			name = Release;
		};
		527AA89F23B0B7210038070E /* Debug */ = {
			isa = XCBuildConfiguration;
			buildSettings = {
				ASSETCATALOG_COMPILER_APPICON_NAME = AppIcon;
				CODE_SIGN_STYLE = Automatic;
				INFOPLIST_FILE = ReceitasCulin/Info.plist;
				LD_RUNPATH_SEARCH_PATHS = (
					"$(inherited)",
					"@executable_path/Frameworks",
				);
				PRODUCT_BUNDLE_IDENTIFIER = Isec.alunos.ReceitasCulin;
				PRODUCT_NAME = "$(TARGET_NAME)";
				SWIFT_VERSION = 5.0;
				TARGETED_DEVICE_FAMILY = "1,2";
			};
			name = Debug;
		};
		527AA8A023B0B7210038070E /* Release */ = {
			isa = XCBuildConfiguration;
			buildSettings = {
				ASSETCATALOG_COMPILER_APPICON_NAME = AppIcon;
				CODE_SIGN_STYLE = Automatic;
				INFOPLIST_FILE = ReceitasCulin/Info.plist;
				LD_RUNPATH_SEARCH_PATHS = (
					"$(inherited)",
					"@executable_path/Frameworks",
				);
				PRODUCT_BUNDLE_IDENTIFIER = Isec.alunos.ReceitasCulin;
				PRODUCT_NAME = "$(TARGET_NAME)";
				SWIFT_VERSION = 5.0;
				TARGETED_DEVICE_FAMILY = "1,2";
			};
			name = Release;
		};
/* End XCBuildConfiguration section */

/* Begin XCConfigurationList section */
		527AA88523B0B71E0038070E /* Build configuration list for PBXProject "ReceitasCulin" */ = {
			isa = XCConfigurationList;
			buildConfigurations = (
				527AA89C23B0B7210038070E /* Debug */,
				527AA89D23B0B7210038070E /* Release */,
			);
			defaultConfigurationIsVisible = 0;
			defaultConfigurationName = Release;
		};
		527AA89E23B0B7210038070E /* Build configuration list for PBXNativeTarget "ReceitasCulin" */ = {
			isa = XCConfigurationList;
			buildConfigurations = (
				527AA89F23B0B7210038070E /* Debug */,
				527AA8A023B0B7210038070E /* Release */,
			);
			defaultConfigurationIsVisible = 0;
			defaultConfigurationName = Release;
		};
/* End XCConfigurationList section */
	};
	rootObject = 527AA88223B0B71E0038070E /* Project object */;
}
